lockfileVersion: 5.4

specifiers:
  esbuild: ^0.17.6

dependencies:
  esbuild: 0.17.6

packages:

  /@esbuild/android-arm/0.17.6:
    resolution: {integrity: sha512-bSC9YVUjADDy1gae8RrioINU6e1lCkg3VGVwm0QQ2E1CWcC4gnMce9+B6RpxuSsrsXsk1yojn7sp1fnG8erE2g==}
    engines: {node: '>=12'}
    cpu: [arm]
    os: [android]
    requiresBuild: true
    dev: false
    optional: true

  /@esbuild/android-arm64/0.17.6:
    resolution: {integrity: sha512-YnYSCceN/dUzUr5kdtUzB+wZprCafuD89Hs0Aqv9QSdwhYQybhXTaSTcrl6X/aWThn1a/j0eEpUBGOE7269REg==}
    engines: {node: '>=12'}
    cpu: [arm64]
    os: [android]
    requiresBuild: true
    dev: false
    optional: true

  /@esbuild/android-x64/0.17.6:
    resolution: {integrity: sha512-MVcYcgSO7pfu/x34uX9u2QIZHmXAB7dEiLQC5bBl5Ryqtpj9lT2sg3gNDEsrPEmimSJW2FXIaxqSQ501YLDsZQ==}
    engines: {node: '>=12'}
    cpu: [x64]
    os: [android]
    requiresBuild: true
    dev: false
    optional: true

  /@esbuild/darwin-arm64/0.17.6:
    resolution: {integrity: sha512-bsDRvlbKMQMt6Wl08nHtFz++yoZHsyTOxnjfB2Q95gato+Yi4WnRl13oC2/PJJA9yLCoRv9gqT/EYX0/zDsyMA==}
    engines: {node: '>=12'}
    cpu: [arm64]
    os: [darwin]
    requiresBuild: true
    dev: false
    optional: true

  /@esbuild/darwin-x64/0.17.6:
    resolution: {integrity: sha512-xh2A5oPrYRfMFz74QXIQTQo8uA+hYzGWJFoeTE8EvoZGHb+idyV4ATaukaUvnnxJiauhs/fPx3vYhU4wiGfosg==}
    engines: {node: '>=12'}
    cpu: [x64]
    os: [darwin]
    requiresBuild: true
    dev: false
    optional: true

  /@esbuild/freebsd-arm64/0.17.6:
    resolution: {integrity: sha512-EnUwjRc1inT4ccZh4pB3v1cIhohE2S4YXlt1OvI7sw/+pD+dIE4smwekZlEPIwY6PhU6oDWwITrQQm5S2/iZgg==}
    engines: {node: '>=12'}
    cpu: [arm64]
    os: [freebsd]
    requiresBuild: true
    dev: false
    optional: true

  /@esbuild/freebsd-x64/0.17.6:
    resolution: {integrity: sha512-Uh3HLWGzH6FwpviUcLMKPCbZUAFzv67Wj5MTwK6jn89b576SR2IbEp+tqUHTr8DIl0iDmBAf51MVaP7pw6PY5Q==}
    engines: {node: '>=12'}
    cpu: [x64]
    os: [freebsd]
    requiresBuild: true
    dev: false
    optional: true

  /@esbuild/linux-arm/0.17.6:
    resolution: {integrity: sha512-7YdGiurNt7lqO0Bf/U9/arrPWPqdPqcV6JCZda4LZgEn+PTQ5SMEI4MGR52Bfn3+d6bNEGcWFzlIxiQdS48YUw==}
    engines: {node: '>=12'}
    cpu: [arm]
    os: [linux]
    requiresBuild: true
    dev: false
    optional: true

  /@esbuild/linux-arm64/0.17.6:
    resolution: {integrity: sha512-bUR58IFOMJX523aDVozswnlp5yry7+0cRLCXDsxnUeQYJik1DukMY+apBsLOZJblpH+K7ox7YrKrHmJoWqVR9w==}
    engines: {node: '>=12'}
    cpu: [arm64]
    os: [linux]
    requiresBuild: true
    dev: false
    optional: true

  /@esbuild/linux-ia32/0.17.6:
    resolution: {integrity: sha512-ujp8uoQCM9FRcbDfkqECoARsLnLfCUhKARTP56TFPog8ie9JG83D5GVKjQ6yVrEVdMie1djH86fm98eY3quQkQ==}
    engines: {node: '>=12'}
    cpu: [ia32]
    os: [linux]
    requiresBuild: true
    dev: false
    optional: true

  /@esbuild/linux-loong64/0.17.6:
    resolution: {integrity: sha512-y2NX1+X/Nt+izj9bLoiaYB9YXT/LoaQFYvCkVD77G/4F+/yuVXYCWz4SE9yr5CBMbOxOfBcy/xFL4LlOeNlzYQ==}
    engines: {node: '>=12'}
    cpu: [loong64]
    os: [linux]
    requiresBuild: true
    dev: false
    optional: true

  /@esbuild/linux-mips64el/0.17.6:
    resolution: {integrity: sha512-09AXKB1HDOzXD+j3FdXCiL/MWmZP0Ex9eR8DLMBVcHorrWJxWmY8Nms2Nm41iRM64WVx7bA/JVHMv081iP2kUA==}
    engines: {node: '>=12'}
    cpu: [mips64el]
    os: [linux]
    requiresBuild: true
    dev: false
    optional: true

  /@esbuild/linux-ppc64/0.17.6:
    resolution: {integrity: sha512-AmLhMzkM8JuqTIOhxnX4ubh0XWJIznEynRnZAVdA2mMKE6FAfwT2TWKTwdqMG+qEaeyDPtfNoZRpJbD4ZBv0Tg==}
    engines: {node: '>=12'}
    cpu: [ppc64]
    os: [linux]
    requiresBuild: true
    dev: false
    optional: true

  /@esbuild/linux-riscv64/0.17.6:
    resolution: {integrity: sha512-Y4Ri62PfavhLQhFbqucysHOmRamlTVK10zPWlqjNbj2XMea+BOs4w6ASKwQwAiqf9ZqcY9Ab7NOU4wIgpxwoSQ==}
    engines: {node: '>=12'}
    cpu: [riscv64]
    os: [linux]
    requiresBuild: true
    dev: false
    optional: true

  /@esbuild/linux-s390x/0.17.6:
    resolution: {integrity: sha512-SPUiz4fDbnNEm3JSdUW8pBJ/vkop3M1YwZAVwvdwlFLoJwKEZ9L98l3tzeyMzq27CyepDQ3Qgoba44StgbiN5Q==}
    engines: {node: '>=12'}
    cpu: [s390x]
    os: [linux]
    requiresBuild: true
    dev: false
    optional: true

  /@esbuild/linux-x64/0.17.6:
    resolution: {integrity: sha512-a3yHLmOodHrzuNgdpB7peFGPx1iJ2x6m+uDvhP2CKdr2CwOaqEFMeSqYAHU7hG+RjCq8r2NFujcd/YsEsFgTGw==}
    engines: {node: '>=12'}
    cpu: [x64]
    os: [linux]
    requiresBuild: true
    dev: false
    optional: true

  /@esbuild/netbsd-x64/0.17.6:
    resolution: {integrity: sha512-EanJqcU/4uZIBreTrnbnre2DXgXSa+Gjap7ifRfllpmyAU7YMvaXmljdArptTHmjrkkKm9BK6GH5D5Yo+p6y5A==}
    engines: {node: '>=12'}
    cpu: [x64]
    os: [netbsd]
    requiresBuild: true
    dev: false
    optional: true

  /@esbuild/openbsd-x64/0.17.6:
    resolution: {integrity: sha512-xaxeSunhQRsTNGFanoOkkLtnmMn5QbA0qBhNet/XLVsc+OVkpIWPHcr3zTW2gxVU5YOHFbIHR9ODuaUdNza2Vw==}
    engines: {node: '>=12'}
    cpu: [x64]
    os: [openbsd]
    requiresBuild: true
    dev: false
    optional: true

  /@esbuild/sunos-x64/0.17.6:
    resolution: {integrity: sha512-gnMnMPg5pfMkZvhHee21KbKdc6W3GR8/JuE0Da1kjwpK6oiFU3nqfHuVPgUX2rsOx9N2SadSQTIYV1CIjYG+xw==}
    engines: {node: '>=12'}
    cpu: [x64]
    os: [sunos]
    requiresBuild: true
    dev: false
    optional: true

  /@esbuild/win32-arm64/0.17.6:
    resolution: {integrity: sha512-G95n7vP1UnGJPsVdKXllAJPtqjMvFYbN20e8RK8LVLhlTiSOH1sd7+Gt7rm70xiG+I5tM58nYgwWrLs6I1jHqg==}
    engines: {node: '>=12'}
    cpu: [arm64]
    os: [win32]
    requiresBuild: true
    dev: false
    optional: true

  /@esbuild/win32-ia32/0.17.6:
    resolution: {integrity: sha512-96yEFzLhq5bv9jJo5JhTs1gI+1cKQ83cUpyxHuGqXVwQtY5Eq54ZEsKs8veKtiKwlrNimtckHEkj4mRh4pPjsg==}
    engines: {node: '>=12'}
    cpu: [ia32]
    os: [win32]
    requiresBuild: true
    dev: false
    optional: true

  /@esbuild/win32-x64/0.17.6:
    resolution: {integrity: sha512-n6d8MOyUrNp6G4VSpRcgjs5xj4A91svJSaiwLIDWVWEsZtpN5FA9NlBbZHDmAJc2e8e6SF4tkBD3HAvPF+7igA==}
    engines: {node: '>=12'}
    cpu: [x64]
    os: [win32]
    requiresBuild: true
    dev: false
    optional: true

  /esbuild/0.17.6:
    resolution: {integrity: sha512-TKFRp9TxrJDdRWfSsSERKEovm6v30iHnrjlcGhLBOtReE28Yp1VSBRfO3GTaOFMoxsNerx4TjrhzSuma9ha83Q==}
    engines: {node: '>=12'}
    hasBin: true
    requiresBuild: true
    optionalDependencies:
      '@esbuild/android-arm': 0.17.6
      '@esbuild/android-arm64': 0.17.6
      '@esbuild/android-x64': 0.17.6
      '@esbuild/darwin-arm64': 0.17.6
      '@esbuild/darwin-x64': 0.17.6
      '@esbuild/freebsd-arm64': 0.17.6
      '@esbuild/freebsd-x64': 0.17.6
      '@esbuild/linux-arm': 0.17.6
      '@esbuild/linux-arm64': 0.17.6
      '@esbuild/linux-ia32': 0.17.6
      '@esbuild/linux-loong64': 0.17.6
      '@esbuild/linux-mips64el': 0.17.6
      '@esbuild/linux-ppc64': 0.17.6
      '@esbuild/linux-riscv64': 0.17.6
      '@esbuild/linux-s390x': 0.17.6
      '@esbuild/linux-x64': 0.17.6
      '@esbuild/netbsd-x64': 0.17.6
      '@esbuild/openbsd-x64': 0.17.6
      '@esbuild/sunos-x64': 0.17.6
      '@esbuild/win32-arm64': 0.17.6
      '@esbuild/win32-ia32': 0.17.6
      '@esbuild/win32-x64': 0.17.6
    dev: false
